
Microsoft Visual Studio Solution File, Format Version 11.00
# Visual Studio 2010
Project("{FAE04EC0-301F-11D3-BF4B-00C04F79EFBC}") = "ProgramLogicEjercicio242", "ProgramLogicEjercicio242\ProgramLogicEjercicio242.csproj", "{CE7E493B-80B9-4A4B-A950-BC7E3F55AFDA}"
EndProject
Global
	GlobalSection(SolutionConfigurationPlatforms) = preSolution
		Debug|Any CPU = Debug|Any CPU
		Release|Any CPU = Release|Any CPU
	EndGlobalSection
	GlobalSection(ProjectConfigurationPlatforms) = postSolution
		{CE7E493B-80B9-4A4B-A950-BC7E3F55AFDA}.Debug|Any CPU.ActiveCfg = Debug|Any CPU
		{CE7E493B-80B9-4A4B-A950-BC7E3F55AFDA}.Debug|Any CPU.Build.0 = Debug|Any CPU
		{CE7E493B-80B9-4A4B-A950-BC7E3F55AFDA}.Release|Any CPU.ActiveCfg = Release|Any CPU
		{CE7E493B-80B9-4A4B-A950-BC7E3F55AFDA}.Release|Any CPU.Build.0 = Release|Any CPU
	EndGlobalSection
	GlobalSection(SolutionProperties) = preSolution
		HideSolutionNode = FALSE
	EndGlobalSection
EndGlobal
